// !$*UTF8*$!
{
	archiveVersion = 1;
	classes = {
	};
	objectVersion = 46;
	objects = {

/* Begin PBXBuildFile section */
		FE468A2D1CA8DA870042E045 /* AppDelegate.swift in Sources */ = {isa = PBXBuildFile; fileRef = FE468A2C1CA8DA870042E045 /* AppDelegate.swift */; };
		FE468A2F1CA8DA870042E045 /* MasterViewController.swift in Sources */ = {isa = PBXBuildFile; fileRef = FE468A2E1CA8DA870042E045 /* MasterViewController.swift */; };
		FE468A311CA8DA870042E045 /* DetailViewController.swift in Sources */ = {isa = PBXBuildFile; fileRef = FE468A301CA8DA870042E045 /* DetailViewController.swift */; };
		FE468A341CA8DA870042E045 /* Main.storyboard in Resources */ = {isa = PBXBuildFile; fileRef = FE468A321CA8DA870042E045 /* Main.storyboard */; };
		FE468A361CA8DA870042E045 /* Assets.xcassets in Resources */ = {isa = PBXBuildFile; fileRef = FE468A351CA8DA870042E045 /* Assets.xcassets */; };
		FE468A391CA8DA870042E045 /* LaunchScreen.storyboard in Resources */ = {isa = PBXBuildFile; fileRef = FE468A371CA8DA870042E045 /* LaunchScreen.storyboard */; };
/* End PBXBuildFile section */

/* Begin PBXFileReference section */
		FE468A291CA8DA870042E045 /* GenericTableViewController.app */ = {isa = PBXFileReference; explicitFileType = wrapper.application; includeInIndex = 0; path = GenericTableViewController.app; sourceTree = BUILT_PRODUCTS_DIR; };
		FE468A2C1CA8DA870042E045 /* AppDelegate.swift */ = {isa = PBXFileReference; lastKnownFileType = sourcecode.swift; path = AppDelegate.swift; sourceTree = "<group>"; };
		FE468A2E1CA8DA870042E045 /* MasterViewController.swift */ = {isa = PBXFileReference; lastKnownFileType = sourcecode.swift; path = MasterViewController.swift; sourceTree = "<group>"; };
		FE468A301CA8DA870042E045 /* DetailViewController.swift */ = {isa = PBXFileReference; lastKnownFileType = sourcecode.swift; path = DetailViewController.swift; sourceTree = "<group>"; };
		FE468A331CA8DA870042E045 /* Base */ = {isa = PBXFileReference; lastKnownFileType = file.storyboard; name = Base; path = Base.lproj/Main.storyboard; sourceTree = "<group>"; };
		FE468A351CA8DA870042E045 /* Assets.xcassets */ = {isa = PBXFileReference; lastKnownFileType = folder.assetcatalog; path = Assets.xcassets; sourceTree = "<group>"; };
		FE468A381CA8DA870042E045 /* Base */ = {isa = PBXFileReference; lastKnownFileType = file.storyboard; name = Base; path = Base.lproj/LaunchScreen.storyboard; sourceTree = "<group>"; };
		FE468A3A1CA8DA870042E045 /* Info.plist */ = {isa = PBXFileReference; lastKnownFileType = text.plist.xml; path = Info.plist; sourceTree = "<group>"; };
/* End PBXFileReference section */

/* Begin PBXFrameworksBuildPhase section */
		FE468A261CA8DA870042E045 /* Frameworks */ = {
			isa = PBXFrameworksBuildPhase;
			buildActionMask = 2147483647;
			files = (
			);
			runOnlyForDeploymentPostprocessing = 0;
		};
/* End PBXFrameworksBuildPhase section */

/* Begin PBXGroup section */
		FE468A201CA8DA870042E045 = {
			isa = PBXGroup;
			children = (
				FE468A2B1CA8DA870042E045 /* GenericTableViewController */,
				FE468A2A1CA8DA870042E045 /* Products */,
			);
			sourceTree = "<group>";
		};
		FE468A2A1CA8DA870042E045 /* Products */ = {
			isa = PBXGroup;
			children = (
				FE468A291CA8DA870042E045 /* GenericTableViewController.app */,
			);
			name = Products;
			sourceTree = "<group>";
		};
		FE468A2B1CA8DA870042E045 /* GenericTableViewController */ = {
			isa = PBXGroup;
			children = (
				FE468A2C1CA8DA870042E045 /* AppDelegate.swift */,
				FE468A2E1CA8DA870042E045 /* MasterViewController.swift */,
				FE468A301CA8DA870042E045 /* DetailViewController.swift */,
				FE468A321CA8DA870042E045 /* Main.storyboard */,
				FE468A351CA8DA870042E045 /* Assets.xcassets */,
				FE468A371CA8DA870042E045 /* LaunchScreen.storyboard */,
				FE468A3A1CA8DA870042E045 /* Info.plist */,
			);
			path = GenericTableViewController;
			sourceTree = "<group>";
		};
/* End PBXGroup section */

/* Begin PBXNativeTarget section */
		FE468A281CA8DA870042E045 /* GenericTableViewController */ = {
			isa = PBXNativeTarget;
			buildConfigurationList = FE468A3D1CA8DA870042E045 /* Build configuration list for PBXNativeTarget "GenericTableViewController" */;
			buildPhases = (
				FE468A251CA8DA870042E045 /* Sources */,
				FE468A261CA8DA870042E045 /* Frameworks */,
				FE468A271CA8DA870042E045 /* Resources */,
			);
			buildRules = (
			);
			dependencies = (
			);
			name = GenericTableViewController;
			productName = GenericTableViewController;
			productReference = FE468A291CA8DA870042E045 /* GenericTableViewController.app */;
			productType = "com.apple.product-type.application";
		};
/* End PBXNativeTarget section */

/* Begin PBXProject section */
		FE468A211CA8DA870042E045 /* Project object */ = {
			isa = PBXProject;
			attributes = {
				LastSwiftUpdateCheck = 0730;
				LastUpgradeCheck = 0730;
				ORGANIZATIONNAME = "Lauren Lee";
				TargetAttributes = {
					FE468A281CA8DA870042E045 = {
						CreatedOnToolsVersion = 7.3;
					};
				};
			};
			buildConfigurationList = FE468A241CA8DA870042E045 /* Build configuration list for PBXProject "GenericTableViewController" */;
			compatibilityVersion = "Xcode 3.2";
			developmentRegion = English;
			hasScannedForEncodings = 0;
			knownRegions = (
				en,
				Base,
			);
			mainGroup = FE468A201CA8DA870042E045;
			productRefGroup = FE468A2A1CA8DA870042E045 /* Products */;
			projectDirPath = "";
			projectRoot = "";
			targets = (
				FE468A281CA8DA870042E045 /* GenericTableViewController */,
			);
		};
/* End PBXProject section */

/* Begin PBXResourcesBuildPhase section */
		FE468A271CA8DA870042E045 /* Resources */ = {
			isa = PBXResourcesBuildPhase;
			buildActionMask = 2147483647;
			files = (
				FE468A391CA8DA870042E045 /* LaunchScreen.storyboard in Resources */,
				FE468A361CA8DA870042E045 /* Assets.xcassets in Resources */,
				FE468A341CA8DA870042E045 /* Main.storyboard in Resources */,
			);
			runOnlyForDeploymentPostprocessing = 0;
		};
/* End PBXResourcesBuildPhase section */

/* Begin PBXSourcesBuildPhase section */
		FE468A251CA8DA870042E045 /* Sources */ = {
			isa = PBXSourcesBuildPhase;
			buildActionMask = 2147483647;
			files = (
				FE468A311CA8DA870042E045 /* DetailViewController.swift in Sources */,
				FE468A2F1CA8DA870042E045 /* MasterViewController.swift in Sources */,
				FE468A2D1CA8DA870042E045 /* AppDelegate.swift in Sources */,
			);
			runOnlyForDeploymentPostprocessing = 0;
		};
/* End PBXSourcesBuildPhase section */

/* Begin PBXVariantGroup section */
		FE468A321CA8DA870042E045 /* Main.storyboard */ = {
			isa = PBXVariantGroup;
			children = (
				FE468A331CA8DA870042E045 /* Base */,
			);
			name = Main.storyboard;
			sourceTree = "<group>";
		};
		FE468A371CA8DA870042E045 /* LaunchScreen.storyboard */ = {
			isa = PBXVariantGroup;
			children = (
				FE468A381CA8DA870042E045 /* Base */,
			);
			name = LaunchScreen.storyboard;
			sourceTree = "<group>";
		};
/* End PBXVariantGroup section */

/* Begin XCBuildConfiguration section */
		FE468A3B1CA8DA870042E045 /* Debug */ = {
			isa = XCBuildConfiguration;
			buildSettings = {
				ALWAYS_SEARCH_USER_PATHS = NO;
				CLANG_ANALYZER_NONNULL = YES;
				CLANG_CXX_LANGUAGE_STANDARD = "gnu++0x";
				CLANG_CXX_LIBRARY = "libc++";
				CLANG_ENABLE_MODULES = YES;
				CLANG_ENABLE_OBJC_ARC = YES;
				CLANG_WARN_BOOL_CONVERSION = YES;
				CLANG_WARN_CONSTANT_CONVERSION = YES;
				CLANG_WARN_DIRECT_OBJC_ISA_USAGE = YES_ERROR;
				CLANG_WARN_EMPTY_BODY = YES;
				CLANG_WARN_ENUM_CONVERSION = YES;
				CLANG_WARN_INT_CONVERSION = YES;
				CLANG_WARN_OBJC_ROOT_CLASS = YES_ERROR;
				CLANG_WARN_UNREACHABLE_CODE = YES;
				CLANG_WARN__DUPLICATE_METHOD_MATCH = YES;
				"CODE_SIGN_IDENTITY[sdk=iphoneos*]" = "iPhone Developer";
				COPY_PHASE_STRIP = NO;
				DEBUG_INFORMATION_FORMAT = dwarf;
				ENABLE_STRICT_OBJC_MSGSEND = YES;
				ENABLE_TESTABILITY = YES;
				GCC_C_LANGUAGE_STANDARD = gnu99;
				GCC_DYNAMIC_NO_PIC = NO;
				GCC_NO_COMMON_BLOCKS = YES;
				GCC_OPTIMIZATION_LEVEL = 0;
				GCC_PREPROCESSOR_DEFINITIONS = (
					"DEBUG=1",
					"$(inherited)",
				);
				GCC_WARN_64_TO_32_BIT_CONVERSION = YES;
				GCC_WARN_ABOUT_RETURN_TYPE = YES_ERROR;
				GCC_WARN_UNDECLARED_SELECTOR = YES;
				GCC_WARN_UNINITIALIZED_AUTOS = YES_AGGRESSIVE;
				GCC_WARN_UNUSED_FUNCTION = YES;
				GCC_WARN_UNUSED_VARIABLE = YES;
				IPHONEOS_DEPLOYMENT_TARGET = 9.3;
				MTL_ENABLE_DEBUG_INFO = YES;
				ONLY_ACTIVE_ARCH = YES;
				SDKROOT = iphoneos;
				SWIFT_OPTIMIZATION_LEVEL = "-Onone";
				TARGETED_DEVICE_FAMILY = "1,2";
			};
			name = Debug;
		};
		FE468A3C1CA8DA870042E045 /* Release */ = {
			isa = XCBuildConfiguration;
			buildSettings = {
				ALWAYS_SEARCH_USER_PATHS = NO;
				CLANG_ANALYZER_NONNULL = YES;
				CLANG_CXX_LANGUAGE_STANDARD = "gnu++0x";
				CLANG_CXX_LIBRARY = "libc++";
				CLANG_ENABLE_MODULES = YES;
				CLANG_ENABLE_OBJC_ARC = YES;
				CLANG_WARN_BOOL_CONVERSION = YES;
				CLANG_WARN_CONSTANT_CONVERSION = YES;
				CLANG_WARN_DIRECT_OBJC_ISA_USAGE = YES_ERROR;
				CLANG_WARN_EMPTY_BODY = YES;
				CLANG_WARN_ENUM_CONVERSION = YES;
				CLANG_WARN_INT_CONVERSION = YES;
				CLANG_WARN_OBJC_ROOT_CLASS = YES_ERROR;
				CLANG_WARN_UNREACHABLE_CODE = YES;
				CLANG_WARN__DUPLICATE_METHOD_MATCH = YES;
				"CODE_SIGN_IDENTITY[sdk=iphoneos*]" = "iPhone Developer";
				COPY_PHASE_STRIP = NO;
				DEBUG_INFORMATION_FORMAT = "dwarf-with-dsym";
				ENABLE_NS_ASSERTIONS = NO;
				ENABLE_STRICT_OBJC_MSGSEND = YES;
				GCC_C_LANGUAGE_STANDARD = gnu99;
				GCC_NO_COMMON_BLOCKS = YES;
				GCC_WARN_64_TO_32_BIT_CONVERSION = YES;
				GCC_WARN_ABOUT_RETURN_TYPE = YES_ERROR;
				GCC_WARN_UNDECLARED_SELECTOR = YES;
				GCC_WARN_UNINITIALIZED_AUTOS = YES_AGGRESSIVE;
				GCC_WARN_UNUSED_FUNCTION = YES;
				GCC_WARN_UNUSED_VARIABLE = YES;
				IPHONEOS_DEPLOYMENT_TARGET = 9.3;
				MTL_ENABLE_DEBUG_INFO = NO;
				SDKROOT = iphoneos;
				TARGETED_DEVICE_FAMILY = "1,2";
				VALIDATE_PRODUCT = YES;
			};
			name = Release;
		};
		FE468A3E1CA8DA870042E045 /* Debug */ = {
			isa = XCBuildConfiguration;
			buildSettings = {
				ASSETCATALOG_COMPILER_APPICON_NAME = AppIcon;
				INFOPLIST_FILE = GenericTableViewController/Info.plist;
				LD_RUNPATH_SEARCH_PATHS = "$(inherited) @executable_path/Frameworks";
				PRODUCT_BUNDLE_IDENTIFIER = com.mulldrifting.GenericTableViewController;
				PRODUCT_NAME = "$(TARGET_NAME)";
			};
			name = Debug;
		};
		FE468A3F1CA8DA870042E045 /* Release */ = {
			isa = XCBuildConfiguration;
			buildSettings = {
				ASSETCATALOG_COMPILER_APPICON_NAME = AppIcon;
				INFOPLIST_FILE = GenericTableViewController/Info.plist;
				LD_RUNPATH_SEARCH_PATHS = "$(inherited) @executable_path/Frameworks";
				PRODUCT_BUNDLE_IDENTIFIER = com.mulldrifting.GenericTableViewController;
				PRODUCT_NAME = "$(TARGET_NAME)";
			};
			name = Release;
		};
/* End XCBuildConfiguration section */

/* Begin XCConfigurationList section */
		FE468A241CA8DA870042E045 /* Build configuration list for PBXProject "GenericTableViewController" */ = {
			isa = XCConfigurationList;
			buildConfigurations = (
				FE468A3B1CA8DA870042E045 /* Debug */,
				FE468A3C1CA8DA870042E045 /* Release */,
			);
			defaultConfigurationIsVisible = 0;
			defaultConfigurationName = Release;
		};
		FE468A3D1CA8DA870042E045 /* Build configuration list for PBXNativeTarget "GenericTableViewController" */ = {
			isa = XCConfigurationList;
			buildConfigurations = (
				FE468A3E1CA8DA870042E045 /* Debug */,
				FE468A3F1CA8DA870042E045 /* Release */,
			);
			defaultConfigurationIsVisible = 0;
		};
/* End XCConfigurationList section */
	};
	rootObject = FE468A211CA8DA870042E045 /* Project object */;
}
